
Microsoft Visual Studio Solution File, Format Version 12.00
# Visual Studio Version 17
VisualStudioVersion = 17.14.36429.23 d17.14
MinimumVisualStudioVersion = 10.0.40219.1
Project("{FAE04EC0-301F-11D3-BF4B-00C04F79EFBC}") = "Es7Vacanze", "Es7Vacanze.csproj", "{C51AFBDE-EE7F-4DFF-B6E5-6F27CF20444A}"
EndProject
Global
	GlobalSection(SolutionConfigurationPlatforms) = preSolution
		Debug|Any CPU = Debug|Any CPU
		Release|Any CPU = Release|Any CPU
	EndGlobalSection
	GlobalSection(ProjectConfigurationPlatforms) = postSolution
		{C51AFBDE-EE7F-4DFF-B6E5-6F27CF20444A}.Debug|Any CPU.ActiveCfg = Debug|Any CPU
		{C51AFBDE-EE7F-4DFF-B6E5-6F27CF20444A}.Debug|Any CPU.Build.0 = Debug|Any CPU
		{C51AFBDE-EE7F-4DFF-B6E5-6F27CF20444A}.Release|Any CPU.ActiveCfg = Release|Any CPU
		{C51AFBDE-EE7F-4DFF-B6E5-6F27CF20444A}.Release|Any CPU.Build.0 = Release|Any CPU
	EndGlobalSection
	GlobalSection(SolutionProperties) = preSolution
		HideSolutionNode = FALSE
	EndGlobalSection
	GlobalSection(ExtensibilityGlobals) = postSolution
		SolutionGuid = {08CAE9FA-802C-4A8A-84A2-B96402469862}
	EndGlobalSection
EndGlobal
